
Microsoft Visual Studio Solution File, Format Version 12.00
# Visual Studio Version 17
VisualStudioVersion = 17.6.33829.357
MinimumVisualStudioVersion = 10.0.40219.1
Project("{FAE04EC0-301F-11D3-BF4B-00C04F79EFBC}") = "Login", "Login\Login.csproj", "{3158AD0B-A0D5-4F05-A556-0D4F602676EE}"
EndProject
Global
	GlobalSection(SolutionConfigurationPlatforms) = preSolution
		Debug|Any CPU = Debug|Any CPU
		Release|Any CPU = Release|Any CPU
	EndGlobalSection
	GlobalSection(ProjectConfigurationPlatforms) = postSolution
		{3158AD0B-A0D5-4F05-A556-0D4F602676EE}.Debug|Any CPU.ActiveCfg = Debug|Any CPU
		{3158AD0B-A0D5-4F05-A556-0D4F602676EE}.Debug|Any CPU.Build.0 = Debug|Any CPU
		{3158AD0B-A0D5-4F05-A556-0D4F602676EE}.Release|Any CPU.ActiveCfg = Release|Any CPU
		{3158AD0B-A0D5-4F05-A556-0D4F602676EE}.Release|Any CPU.Build.0 = Release|Any CPU
	EndGlobalSection
	GlobalSection(SolutionProperties) = preSolution
		HideSolutionNode = FALSE
	EndGlobalSection
	GlobalSection(ExtensibilityGlobals) = postSolution
		SolutionGuid = {B66443D8-E4AE-402F-87DF-72C1CEF64D84}
	EndGlobalSection
EndGlobal
